
Microsoft Visual Studio Solution File, Format Version 12.00
# Visual Studio Version 16
VisualStudioVersion = 16.0.31729.503
MinimumVisualStudioVersion = 10.0.40219.1
Project("{FAE04EC0-301F-11D3-BF4B-00C04F79EFBC}") = "HomeworkSeleniumExercise", "HomeworkSeleniumExercise\HomeworkSeleniumExercise.csproj", "{77B362C0-070E-497A-ACF6-CC9C1F66156B}"
EndProject
Global
	GlobalSection(SolutionConfigurationPlatforms) = preSolution
		Debug|Any CPU = Debug|Any CPU
		Release|Any CPU = Release|Any CPU
	EndGlobalSection
	GlobalSection(ProjectConfigurationPlatforms) = postSolution
		{77B362C0-070E-497A-ACF6-CC9C1F66156B}.Debug|Any CPU.ActiveCfg = Debug|Any CPU
		{77B362C0-070E-497A-ACF6-CC9C1F66156B}.Debug|Any CPU.Build.0 = Debug|Any CPU
		{77B362C0-070E-497A-ACF6-CC9C1F66156B}.Release|Any CPU.ActiveCfg = Release|Any CPU
		{77B362C0-070E-497A-ACF6-CC9C1F66156B}.Release|Any CPU.Build.0 = Release|Any CPU
	EndGlobalSection
	GlobalSection(SolutionProperties) = preSolution
		HideSolutionNode = FALSE
	EndGlobalSection
	GlobalSection(ExtensibilityGlobals) = postSolution
		SolutionGuid = {39D144FD-C611-44BD-8763-69806609FEC0}
	EndGlobalSection
EndGlobal
